
Microsoft Visual Studio Solution File, Format Version 12.00
# Visual Studio Version 17
VisualStudioVersion = 17.10.35013.160
MinimumVisualStudioVersion = 10.0.40219.1
Project("{9A19103F-16F7-4668-BE54-9A1E7A4F7556}") = "PracticeWebsite", "PracticeWebsite\PracticeWebsite.csproj", "{046033C7-685A-4BEB-9845-43B47FF5A176}"
EndProject
Project("{9A19103F-16F7-4668-BE54-9A1E7A4F7556}") = "UnitTesting", "..\UnitTesting\UnitTesting.csproj", "{5175C2C9-4C0C-41B2-922B-1B3FA056289F}"
EndProject
Global
	GlobalSection(SolutionConfigurationPlatforms) = preSolution
		Debug|Any CPU = Debug|Any CPU
		Release|Any CPU = Release|Any CPU
	EndGlobalSection
	GlobalSection(ProjectConfigurationPlatforms) = postSolution
		{046033C7-685A-4BEB-9845-43B47FF5A176}.Debug|Any CPU.ActiveCfg = Debug|Any CPU
		{046033C7-685A-4BEB-9845-43B47FF5A176}.Debug|Any CPU.Build.0 = Debug|Any CPU
		{046033C7-685A-4BEB-9845-43B47FF5A176}.Release|Any CPU.ActiveCfg = Release|Any CPU
		{046033C7-685A-4BEB-9845-43B47FF5A176}.Release|Any CPU.Build.0 = Release|Any CPU
		{5175C2C9-4C0C-41B2-922B-1B3FA056289F}.Debug|Any CPU.ActiveCfg = Debug|Any CPU
		{5175C2C9-4C0C-41B2-922B-1B3FA056289F}.Debug|Any CPU.Build.0 = Debug|Any CPU
		{5175C2C9-4C0C-41B2-922B-1B3FA056289F}.Release|Any CPU.ActiveCfg = Release|Any CPU
		{5175C2C9-4C0C-41B2-922B-1B3FA056289F}.Release|Any CPU.Build.0 = Release|Any CPU
	EndGlobalSection
	GlobalSection(SolutionProperties) = preSolution
		HideSolutionNode = FALSE
	EndGlobalSection
	GlobalSection(ExtensibilityGlobals) = postSolution
		SolutionGuid = {6A208F44-E490-464D-A6AA-61B32D639FA8}
	EndGlobalSection
EndGlobal
